// !$*UTF8*$!
{
	archiveVersion = 1;
	classes = {
	};
	objectVersion = 77;
	objects = {

/* Begin PBXBuildFile section */
		F80FAE652EBBEF0200497936 /* SwiftSoup in Frameworks */ = {isa = PBXBuildFile; productRef = F80FAE642EBBEF0200497936 /* SwiftSoup */; };
/* End PBXBuildFile section */

/* Begin PBXContainerItemProxy section */
		F80FAE062EBBE9E600497936 /* PBXContainerItemProxy */ = {
			isa = PBXContainerItemProxy;
			containerPortal = F80FADEB2EBBE9E200497936 /* Project object */;
			proxyType = 1;
			remoteGlobalIDString = F80FADF22EBBE9E200497936;
			remoteInfo = BirreDaManicomio;
		};
		F80FAE102EBBE9E600497936 /* PBXContainerItemProxy */ = {
			isa = PBXContainerItemProxy;
			containerPortal = F80FADEB2EBBE9E200497936 /* Project object */;
			proxyType = 1;
			remoteGlobalIDString = F80FADF22EBBE9E200497936;
			remoteInfo = BirreDaManicomio;
		};
/* End PBXContainerItemProxy section */

/* Begin PBXFileReference section */
		F80FADF32EBBE9E200497936 /* BirreDaManicomio.app */ = {isa = PBXFileReference; explicitFileType = wrapper.application; includeInIndex = 0; path = BirreDaManicomio.app; sourceTree = BUILT_PRODUCTS_DIR; };
		F80FAE052EBBE9E600497936 /* BirreDaManicomioTests.xctest */ = {isa = PBXFileReference; explicitFileType = wrapper.cfbundle; includeInIndex = 0; path = BirreDaManicomioTests.xctest; sourceTree = BUILT_PRODUCTS_DIR; };
		F80FAE0F2EBBE9E600497936 /* BirreDaManicomioUITests.xctest */ = {isa = PBXFileReference; explicitFileType = wrapper.cfbundle; includeInIndex = 0; path = BirreDaManicomioUITests.xctest; sourceTree = BUILT_PRODUCTS_DIR; };
/* End PBXFileReference section */

/* Begin PBXFileSystemSynchronizedRootGroup section */
		F80FADF52EBBE9E200497936 /* BirreDaManicomio */ = {
			isa = PBXFileSystemSynchronizedRootGroup;
			path = BirreDaManicomio;
			sourceTree = "<group>";
		};
		F80FAE082EBBE9E600497936 /* BirreDaManicomioTests */ = {
			isa = PBXFileSystemSynchronizedRootGroup;
			path = BirreDaManicomioTests;
			sourceTree = "<group>";
		};
		F80FAE122EBBE9E600497936 /* BirreDaManicomioUITests */ = {
			isa = PBXFileSystemSynchronizedRootGroup;
			path = BirreDaManicomioUITests;
			sourceTree = "<group>";
		};
/* End PBXFileSystemSynchronizedRootGroup section */

/* Begin PBXFrameworksBuildPhase section */
		F80FADF02EBBE9E200497936 /* Frameworks */ = {
			isa = PBXFrameworksBuildPhase;
			buildActionMask = 2147483647;
			files = (
				F80FAE652EBBEF0200497936 /* SwiftSoup in Frameworks */,
			);
			runOnlyForDeploymentPostprocessing = 0;
		};
		F80FAE022EBBE9E600497936 /* Frameworks */ = {
			isa = PBXFrameworksBuildPhase;
			buildActionMask = 2147483647;
			files = (
			);
			runOnlyForDeploymentPostprocessing = 0;
		};
		F80FAE0C2EBBE9E600497936 /* Frameworks */ = {
			isa = PBXFrameworksBuildPhase;
			buildActionMask = 2147483647;
			files = (
			);
			runOnlyForDeploymentPostprocessing = 0;
		};
/* End PBXFrameworksBuildPhase section */

/* Begin PBXGroup section */
		F80FADEA2EBBE9E200497936 = {
			isa = PBXGroup;
			children = (
				F80FADF52EBBE9E200497936 /* BirreDaManicomio */,
				F80FAE082EBBE9E600497936 /* BirreDaManicomioTests */,
				F80FAE122EBBE9E600497936 /* BirreDaManicomioUITests */,
				F80FADF42EBBE9E200497936 /* Products */,
			);
			sourceTree = "<group>";
		};
		F80FADF42EBBE9E200497936 /* Products */ = {
			isa = PBXGroup;
			children = (
				F80FADF32EBBE9E200497936 /* BirreDaManicomio.app */,
				F80FAE052EBBE9E600497936 /* BirreDaManicomioTests.xctest */,
				F80FAE0F2EBBE9E600497936 /* BirreDaManicomioUITests.xctest */,
			);
			name = Products;
			sourceTree = "<group>";
		};
/* End PBXGroup section */

/* Begin PBXNativeTarget section */
		F80FADF22EBBE9E200497936 /* BirreDaManicomio */ = {
			isa = PBXNativeTarget;
			buildConfigurationList = F80FAE192EBBE9E600497936 /* Build configuration list for PBXNativeTarget "BirreDaManicomio" */;
			buildPhases = (
				F80FADEF2EBBE9E200497936 /* Sources */,
				F80FADF02EBBE9E200497936 /* Frameworks */,
				F80FADF12EBBE9E200497936 /* Resources */,
			);
			buildRules = (
			);
			dependencies = (
			);
			fileSystemSynchronizedGroups = (
				F80FADF52EBBE9E200497936 /* BirreDaManicomio */,
			);
			name = BirreDaManicomio;
			packageProductDependencies = (
				F80FAE642EBBEF0200497936 /* SwiftSoup */,
			);
			productName = BirreDaManicomio;
			productReference = F80FADF32EBBE9E200497936 /* BirreDaManicomio.app */;
			productType = "com.apple.product-type.application";
		};
		F80FAE042EBBE9E600497936 /* BirreDaManicomioTests */ = {
			isa = PBXNativeTarget;
			buildConfigurationList = F80FAE1C2EBBE9E600497936 /* Build configuration list for PBXNativeTarget "BirreDaManicomioTests" */;
			buildPhases = (
				F80FAE012EBBE9E600497936 /* Sources */,
				F80FAE022EBBE9E600497936 /* Frameworks */,
				F80FAE032EBBE9E600497936 /* Resources */,
			);
			buildRules = (
			);
			dependencies = (
				F80FAE072EBBE9E600497936 /* PBXTargetDependency */,
			);
			fileSystemSynchronizedGroups = (
				F80FAE082EBBE9E600497936 /* BirreDaManicomioTests */,
			);
			name = BirreDaManicomioTests;
			packageProductDependencies = (
			);
			productName = BirreDaManicomioTests;
			productReference = F80FAE052EBBE9E600497936 /* BirreDaManicomioTests.xctest */;
			productType = "com.apple.product-type.bundle.unit-test";
		};
		F80FAE0E2EBBE9E600497936 /* BirreDaManicomioUITests */ = {
			isa = PBXNativeTarget;
			buildConfigurationList = F80FAE1F2EBBE9E600497936 /* Build configuration list for PBXNativeTarget "BirreDaManicomioUITests" */;
			buildPhases = (
				F80FAE0B2EBBE9E600497936 /* Sources */,
				F80FAE0C2EBBE9E600497936 /* Frameworks */,
				F80FAE0D2EBBE9E600497936 /* Resources */,
			);
			buildRules = (
			);
			dependencies = (
				F80FAE112EBBE9E600497936 /* PBXTargetDependency */,
			);
			fileSystemSynchronizedGroups = (
				F80FAE122EBBE9E600497936 /* BirreDaManicomioUITests */,
			);
			name = BirreDaManicomioUITests;
			packageProductDependencies = (
			);
			productName = BirreDaManicomioUITests;
			productReference = F80FAE0F2EBBE9E600497936 /* BirreDaManicomioUITests.xctest */;
			productType = "com.apple.product-type.bundle.ui-testing";
		};
/* End PBXNativeTarget section */

/* Begin PBXProject section */
		F80FADEB2EBBE9E200497936 /* Project object */ = {
			isa = PBXProject;
			attributes = {
				BuildIndependentTargetsInParallel = 1;
				LastSwiftUpdateCheck = 2610;
				LastUpgradeCheck = 2610;
				TargetAttributes = {
					F80FADF22EBBE9E200497936 = {
						CreatedOnToolsVersion = 26.1;
					};
					F80FAE042EBBE9E600497936 = {
						CreatedOnToolsVersion = 26.1;
						TestTargetID = F80FADF22EBBE9E200497936;
					};
					F80FAE0E2EBBE9E600497936 = {
						CreatedOnToolsVersion = 26.1;
						TestTargetID = F80FADF22EBBE9E200497936;
					};
				};
			};
			buildConfigurationList = F80FADEE2EBBE9E200497936 /* Build configuration list for PBXProject "BirreDaManicomio" */;
			developmentRegion = en;
			hasScannedForEncodings = 0;
			knownRegions = (
				en,
				Base,
			);
			mainGroup = F80FADEA2EBBE9E200497936;
			minimizedProjectReferenceProxies = 1;
			packageReferences = (
				F80FAE632EBBEEBF00497936 /* XCRemoteSwiftPackageReference "SwiftSoup" */,
			);
			preferredProjectObjectVersion = 77;
			productRefGroup = F80FADF42EBBE9E200497936 /* Products */;
			projectDirPath = "";
			projectRoot = "";
			targets = (
				F80FADF22EBBE9E200497936 /* BirreDaManicomio */,
				F80FAE042EBBE9E600497936 /* BirreDaManicomioTests */,
				F80FAE0E2EBBE9E600497936 /* BirreDaManicomioUITests */,
			);
		};
/* End PBXProject section */

/* Begin PBXResourcesBuildPhase section */
		F80FADF12EBBE9E200497936 /* Resources */ = {
			isa = PBXResourcesBuildPhase;
			buildActionMask = 2147483647;
			files = (
			);
			runOnlyForDeploymentPostprocessing = 0;
		};
		F80FAE032EBBE9E600497936 /* Resources */ = {
			isa = PBXResourcesBuildPhase;
			buildActionMask = 2147483647;
			files = (
			);
			runOnlyForDeploymentPostprocessing = 0;
		};
		F80FAE0D2EBBE9E600497936 /* Resources */ = {
			isa = PBXResourcesBuildPhase;
			buildActionMask = 2147483647;
			files = (
			);
			runOnlyForDeploymentPostprocessing = 0;
		};
/* End PBXResourcesBuildPhase section */

/* Begin PBXSourcesBuildPhase section */
		F80FADEF2EBBE9E200497936 /* Sources */ = {
			isa = PBXSourcesBuildPhase;
			buildActionMask = 2147483647;
			files = (
			);
			runOnlyForDeploymentPostprocessing = 0;
		};
		F80FAE012EBBE9E600497936 /* Sources */ = {
			isa = PBXSourcesBuildPhase;
			buildActionMask = 2147483647;
			files = (
			);
			runOnlyForDeploymentPostprocessing = 0;
		};
		F80FAE0B2EBBE9E600497936 /* Sources */ = {
			isa = PBXSourcesBuildPhase;
			buildActionMask = 2147483647;
			files = (
			);
			runOnlyForDeploymentPostprocessing = 0;
		};
/* End PBXSourcesBuildPhase section */

/* Begin PBXTargetDependency section */
		F80FAE072EBBE9E600497936 /* PBXTargetDependency */ = {
			isa = PBXTargetDependency;
			target = F80FADF22EBBE9E200497936 /* BirreDaManicomio */;
			targetProxy = F80FAE062EBBE9E600497936 /* PBXContainerItemProxy */;
		};
		F80FAE112EBBE9E600497936 /* PBXTargetDependency */ = {
			isa = PBXTargetDependency;
			target = F80FADF22EBBE9E200497936 /* BirreDaManicomio */;
			targetProxy = F80FAE102EBBE9E600497936 /* PBXContainerItemProxy */;
		};
/* End PBXTargetDependency section */

/* Begin XCBuildConfiguration section */
		F80FAE172EBBE9E600497936 /* Debug */ = {
			isa = XCBuildConfiguration;
			buildSettings = {
				ALWAYS_SEARCH_USER_PATHS = NO;
				ASSETCATALOG_COMPILER_GENERATE_SWIFT_ASSET_SYMBOL_EXTENSIONS = YES;
				CLANG_ANALYZER_NONNULL = YES;
				CLANG_ANALYZER_NUMBER_OBJECT_CONVERSION = YES_AGGRESSIVE;
				CLANG_CXX_LANGUAGE_STANDARD = "gnu++20";
				CLANG_ENABLE_MODULES = YES;
				CLANG_ENABLE_OBJC_ARC = YES;
				CLANG_ENABLE_OBJC_WEAK = YES;
				CLANG_WARN_BLOCK_CAPTURE_AUTORELEASING = YES;
				CLANG_WARN_BOOL_CONVERSION = YES;
				CLANG_WARN_COMMA = YES;
				CLANG_WARN_CONSTANT_CONVERSION = YES;
				CLANG_WARN_DEPRECATED_OBJC_IMPLEMENTATIONS = YES;
				CLANG_WARN_DIRECT_OBJC_ISA_USAGE = YES_ERROR;
				CLANG_WARN_DOCUMENTATION_COMMENTS = YES;
				CLANG_WARN_EMPTY_BODY = YES;
				CLANG_WARN_ENUM_CONVERSION = YES;
				CLANG_WARN_INFINITE_RECURSION = YES;
				CLANG_WARN_INT_CONVERSION = YES;
				CLANG_WARN_NON_LITERAL_NULL_CONVERSION = YES;
				CLANG_WARN_OBJC_IMPLICIT_RETAIN_SELF = YES;
				CLANG_WARN_OBJC_LITERAL_CONVERSION = YES;
				CLANG_WARN_OBJC_ROOT_CLASS = YES_ERROR;
				CLANG_WARN_QUOTED_INCLUDE_IN_FRAMEWORK_HEADER = YES;
				CLANG_WARN_RANGE_LOOP_ANALYSIS = YES;
				CLANG_WARN_STRICT_PROTOTYPES = YES;
				CLANG_WARN_SUSPICIOUS_MOVE = YES;
				CLANG_WARN_UNGUARDED_AVAILABILITY = YES_AGGRESSIVE;
				CLANG_WARN_UNREACHABLE_CODE = YES;
				CLANG_WARN__DUPLICATE_METHOD_MATCH = YES;
				COPY_PHASE_STRIP = NO;
				DEBUG_INFORMATION_FORMAT = dwarf;
				DEVELOPMENT_TEAM = 4329X84WSG;
				ENABLE_STRICT_OBJC_MSGSEND = YES;
				ENABLE_TESTABILITY = YES;
				ENABLE_USER_SCRIPT_SANDBOXING = YES;
				GCC_C_LANGUAGE_STANDARD = gnu17;
				GCC_DYNAMIC_NO_PIC = NO;
				GCC_NO_COMMON_BLOCKS = YES;
				GCC_OPTIMIZATION_LEVEL = 0;
				GCC_PREPROCESSOR_DEFINITIONS = (
					"DEBUG=1",
					"$(inherited)",
				);
				GCC_WARN_64_TO_32_BIT_CONVERSION = YES;
				GCC_WARN_ABOUT_RETURN_TYPE = YES_ERROR;
				GCC_WARN_UNDECLARED_SELECTOR = YES;
				GCC_WARN_UNINITIALIZED_AUTOS = YES_AGGRESSIVE;
				GCC_WARN_UNUSED_FUNCTION = YES;
				GCC_WARN_UNUSED_VARIABLE = YES;
				IPHONEOS_DEPLOYMENT_TARGET = 26.1;
				LOCALIZATION_PREFERS_STRING_CATALOGS = YES;
				MTL_ENABLE_DEBUG_INFO = INCLUDE_SOURCE;
				MTL_FAST_MATH = YES;
				ONLY_ACTIVE_ARCH = YES;
				SDKROOT = iphoneos;
				SWIFT_ACTIVE_COMPILATION_CONDITIONS = "DEBUG $(inherited)";
				SWIFT_OPTIMIZATION_LEVEL = "-Onone";
			};
			name = Debug;
		};
		F80FAE182EBBE9E600497936 /* Release */ = {
			isa = XCBuildConfiguration;
			buildSettings = {
				ALWAYS_SEARCH_USER_PATHS = NO;
				ASSETCATALOG_COMPILER_GENERATE_SWIFT_ASSET_SYMBOL_EXTENSIONS = YES;
				CLANG_ANALYZER_NONNULL = YES;
				CLANG_ANALYZER_NUMBER_OBJECT_CONVERSION = YES_AGGRESSIVE;
				CLANG_CXX_LANGUAGE_STANDARD = "gnu++20";
				CLANG_ENABLE_MODULES = YES;
				CLANG_ENABLE_OBJC_ARC = YES;
				CLANG_ENABLE_OBJC_WEAK = YES;
				CLANG_WARN_BLOCK_CAPTURE_AUTORELEASING = YES;
				CLANG_WARN_BOOL_CONVERSION = YES;
				CLANG_WARN_COMMA = YES;
				CLANG_WARN_CONSTANT_CONVERSION = YES;
				CLANG_WARN_DEPRECATED_OBJC_IMPLEMENTATIONS = YES;
				CLANG_WARN_DIRECT_OBJC_ISA_USAGE = YES_ERROR;
				CLANG_WARN_DOCUMENTATION_COMMENTS = YES;
				CLANG_WARN_EMPTY_BODY = YES;
				CLANG_WARN_ENUM_CONVERSION = YES;
				CLANG_WARN_INFINITE_RECURSION = YES;
				CLANG_WARN_INT_CONVERSION = YES;
				CLANG_WARN_NON_LITERAL_NULL_CONVERSION = YES;
				CLANG_WARN_OBJC_IMPLICIT_RETAIN_SELF = YES;
				CLANG_WARN_OBJC_LITERAL_CONVERSION = YES;
				CLANG_WARN_OBJC_ROOT_CLASS = YES_ERROR;
				CLANG_WARN_QUOTED_INCLUDE_IN_FRAMEWORK_HEADER = YES;
				CLANG_WARN_RANGE_LOOP_ANALYSIS = YES;
				CLANG_WARN_STRICT_PROTOTYPES = YES;
				CLANG_WARN_SUSPICIOUS_MOVE = YES;
				CLANG_WARN_UNGUARDED_AVAILABILITY = YES_AGGRESSIVE;
				CLANG_WARN_UNREACHABLE_CODE = YES;
				CLANG_WARN__DUPLICATE_METHOD_MATCH = YES;
				COPY_PHASE_STRIP = NO;
				DEBUG_INFORMATION_FORMAT = "dwarf-with-dsym";
				DEVELOPMENT_TEAM = 4329X84WSG;
				ENABLE_NS_ASSERTIONS = NO;
				ENABLE_STRICT_OBJC_MSGSEND = YES;
				ENABLE_USER_SCRIPT_SANDBOXING = YES;
				GCC_C_LANGUAGE_STANDARD = gnu17;
				GCC_NO_COMMON_BLOCKS = YES;
				GCC_WARN_64_TO_32_BIT_CONVERSION = YES;
				GCC_WARN_ABOUT_RETURN_TYPE = YES_ERROR;
				GCC_WARN_UNDECLARED_SELECTOR = YES;
				GCC_WARN_UNINITIALIZED_AUTOS = YES_AGGRESSIVE;
				GCC_WARN_UNUSED_FUNCTION = YES;
				GCC_WARN_UNUSED_VARIABLE = YES;
				IPHONEOS_DEPLOYMENT_TARGET = 26.1;
				LOCALIZATION_PREFERS_STRING_CATALOGS = YES;
				MTL_ENABLE_DEBUG_INFO = NO;
				MTL_FAST_MATH = YES;
				SDKROOT = iphoneos;
				SWIFT_COMPILATION_MODE = wholemodule;
				VALIDATE_PRODUCT = YES;
			};
			name = Release;
		};
		F80FAE1A2EBBE9E600497936 /* Debug */ = {
			isa = XCBuildConfiguration;
			buildSettings = {
				ASSETCATALOG_COMPILER_APPICON_NAME = AppIcon;
				ASSETCATALOG_COMPILER_GLOBAL_ACCENT_COLOR_NAME = AccentColor;
				CODE_SIGN_STYLE = Automatic;
				CURRENT_PROJECT_VERSION = 1;
				DEVELOPMENT_TEAM = 4329X84WSG;
				ENABLE_PREVIEWS = YES;
				GENERATE_INFOPLIST_FILE = YES;
				INFOPLIST_KEY_UIApplicationSceneManifest_Generation = YES;
				INFOPLIST_KEY_UIApplicationSupportsIndirectInputEvents = YES;
				INFOPLIST_KEY_UILaunchScreen_Generation = YES;
				INFOPLIST_KEY_UISupportedInterfaceOrientations_iPad = "UIInterfaceOrientationPortrait UIInterfaceOrientationPortraitUpsideDown UIInterfaceOrientationLandscapeLeft UIInterfaceOrientationLandscapeRight";
				INFOPLIST_KEY_UISupportedInterfaceOrientations_iPhone = "UIInterfaceOrientationPortrait UIInterfaceOrientationLandscapeLeft UIInterfaceOrientationLandscapeRight";
				IPHONEOS_DEPLOYMENT_TARGET = 17.6;
				LD_RUNPATH_SEARCH_PATHS = (
					"$(inherited)",
					"@executable_path/Frameworks",
				);
				MARKETING_VERSION = 1.0;
				PRODUCT_BUNDLE_IDENTIFIER = PepSic.BirreDaManicomio;
				PRODUCT_NAME = "$(TARGET_NAME)";
				STRING_CATALOG_GENERATE_SYMBOLS = YES;
				SWIFT_APPROACHABLE_CONCURRENCY = YES;
				SWIFT_DEFAULT_ACTOR_ISOLATION = MainActor;
				SWIFT_EMIT_LOC_STRINGS = YES;
				SWIFT_UPCOMING_FEATURE_MEMBER_IMPORT_VISIBILITY = YES;
				SWIFT_VERSION = 5.0;
				TARGETED_DEVICE_FAMILY = "1,2";
			};
			name = Debug;
		};
		F80FAE1B2EBBE9E600497936 /* Release */ = {
			isa = XCBuildConfiguration;
			buildSettings = {
				ASSETCATALOG_COMPILER_APPICON_NAME = AppIcon;
				ASSETCATALOG_COMPILER_GLOBAL_ACCENT_COLOR_NAME = AccentColor;
				CODE_SIGN_STYLE = Automatic;
				CURRENT_PROJECT_VERSION = 1;
				DEVELOPMENT_TEAM = 4329X84WSG;
				ENABLE_PREVIEWS = YES;
				GENERATE_INFOPLIST_FILE = YES;
				INFOPLIST_KEY_UIApplicationSceneManifest_Generation = YES;
				INFOPLIST_KEY_UIApplicationSupportsIndirectInputEvents = YES;
				INFOPLIST_KEY_UILaunchScreen_Generation = YES;
				INFOPLIST_KEY_UISupportedInterfaceOrientations_iPad = "UIInterfaceOrientationPortrait UIInterfaceOrientationPortraitUpsideDown UIInterfaceOrientationLandscapeLeft UIInterfaceOrientationLandscapeRight";
				INFOPLIST_KEY_UISupportedInterfaceOrientations_iPhone = "UIInterfaceOrientationPortrait UIInterfaceOrientationLandscapeLeft UIInterfaceOrientationLandscapeRight";
				IPHONEOS_DEPLOYMENT_TARGET = 17.6;
				LD_RUNPATH_SEARCH_PATHS = (
					"$(inherited)",
					"@executable_path/Frameworks",
				);
				MARKETING_VERSION = 1.0;
				PRODUCT_BUNDLE_IDENTIFIER = PepSic.BirreDaManicomio;
				PRODUCT_NAME = "$(TARGET_NAME)";
				STRING_CATALOG_GENERATE_SYMBOLS = YES;
				SWIFT_APPROACHABLE_CONCURRENCY = YES;
				SWIFT_DEFAULT_ACTOR_ISOLATION = MainActor;
				SWIFT_EMIT_LOC_STRINGS = YES;
				SWIFT_UPCOMING_FEATURE_MEMBER_IMPORT_VISIBILITY = YES;
				SWIFT_VERSION = 5.0;
				TARGETED_DEVICE_FAMILY = "1,2";
			};
			name = Release;
		};
		F80FAE1D2EBBE9E600497936 /* Debug */ = {
			isa = XCBuildConfiguration;
			buildSettings = {
				BUNDLE_LOADER = "$(TEST_HOST)";
				CODE_SIGN_STYLE = Automatic;
				CURRENT_PROJECT_VERSION = 1;
				DEVELOPMENT_TEAM = 4329X84WSG;
				GENERATE_INFOPLIST_FILE = YES;
				IPHONEOS_DEPLOYMENT_TARGET = 26.1;
				MARKETING_VERSION = 1.0;
				PRODUCT_BUNDLE_IDENTIFIER = PepSic.BirreDaManicomioTests;
				PRODUCT_NAME = "$(TARGET_NAME)";
				STRING_CATALOG_GENERATE_SYMBOLS = NO;
				SWIFT_APPROACHABLE_CONCURRENCY = YES;
				SWIFT_EMIT_LOC_STRINGS = NO;
				SWIFT_UPCOMING_FEATURE_MEMBER_IMPORT_VISIBILITY = YES;
				SWIFT_VERSION = 5.0;
				TARGETED_DEVICE_FAMILY = "1,2";
				TEST_HOST = "$(BUILT_PRODUCTS_DIR)/BirreDaManicomio.app/$(BUNDLE_EXECUTABLE_FOLDER_PATH)/BirreDaManicomio";
			};
			name = Debug;
		};
		F80FAE1E2EBBE9E600497936 /* Release */ = {
			isa = XCBuildConfiguration;
			buildSettings = {
				BUNDLE_LOADER = "$(TEST_HOST)";
				CODE_SIGN_STYLE = Automatic;
				CURRENT_PROJECT_VERSION = 1;
				DEVELOPMENT_TEAM = 4329X84WSG;
				GENERATE_INFOPLIST_FILE = YES;
				IPHONEOS_DEPLOYMENT_TARGET = 26.1;
				MARKETING_VERSION = 1.0;
				PRODUCT_BUNDLE_IDENTIFIER = PepSic.BirreDaManicomioTests;
				PRODUCT_NAME = "$(TARGET_NAME)";
				STRING_CATALOG_GENERATE_SYMBOLS = NO;
				SWIFT_APPROACHABLE_CONCURRENCY = YES;
				SWIFT_EMIT_LOC_STRINGS = NO;
				SWIFT_UPCOMING_FEATURE_MEMBER_IMPORT_VISIBILITY = YES;
				SWIFT_VERSION = 5.0;
				TARGETED_DEVICE_FAMILY = "1,2";
				TEST_HOST = "$(BUILT_PRODUCTS_DIR)/BirreDaManicomio.app/$(BUNDLE_EXECUTABLE_FOLDER_PATH)/BirreDaManicomio";
			};
			name = Release;
		};
		F80FAE202EBBE9E600497936 /* Debug */ = {
			isa = XCBuildConfiguration;
			buildSettings = {
				CODE_SIGN_STYLE = Automatic;
				CURRENT_PROJECT_VERSION = 1;
				DEVELOPMENT_TEAM = 4329X84WSG;
				GENERATE_INFOPLIST_FILE = YES;
				MARKETING_VERSION = 1.0;
				PRODUCT_BUNDLE_IDENTIFIER = PepSic.BirreDaManicomioUITests;
				PRODUCT_NAME = "$(TARGET_NAME)";
				STRING_CATALOG_GENERATE_SYMBOLS = NO;
				SWIFT_APPROACHABLE_CONCURRENCY = YES;
				SWIFT_EMIT_LOC_STRINGS = NO;
				SWIFT_UPCOMING_FEATURE_MEMBER_IMPORT_VISIBILITY = YES;
				SWIFT_VERSION = 5.0;
				TARGETED_DEVICE_FAMILY = "1,2";
				TEST_TARGET_NAME = BirreDaManicomio;
			};
			name = Debug;
		};
		F80FAE212EBBE9E600497936 /* Release */ = {
			isa = XCBuildConfiguration;
			buildSettings = {
				CODE_SIGN_STYLE = Automatic;
				CURRENT_PROJECT_VERSION = 1;
				DEVELOPMENT_TEAM = 4329X84WSG;
				GENERATE_INFOPLIST_FILE = YES;
				MARKETING_VERSION = 1.0;
				PRODUCT_BUNDLE_IDENTIFIER = PepSic.BirreDaManicomioUITests;
				PRODUCT_NAME = "$(TARGET_NAME)";
				STRING_CATALOG_GENERATE_SYMBOLS = NO;
				SWIFT_APPROACHABLE_CONCURRENCY = YES;
				SWIFT_EMIT_LOC_STRINGS = NO;
				SWIFT_UPCOMING_FEATURE_MEMBER_IMPORT_VISIBILITY = YES;
				SWIFT_VERSION = 5.0;
				TARGETED_DEVICE_FAMILY = "1,2";
				TEST_TARGET_NAME = BirreDaManicomio;
			};
			name = Release;
		};
/* End XCBuildConfiguration section */

/* Begin XCConfigurationList section */
		F80FADEE2EBBE9E200497936 /* Build configuration list for PBXProject "BirreDaManicomio" */ = {
			isa = XCConfigurationList;
			buildConfigurations = (
				F80FAE172EBBE9E600497936 /* Debug */,
				F80FAE182EBBE9E600497936 /* Release */,
			);
			defaultConfigurationIsVisible = 0;
			defaultConfigurationName = Release;
		};
		F80FAE192EBBE9E600497936 /* Build configuration list for PBXNativeTarget "BirreDaManicomio" */ = {
			isa = XCConfigurationList;
			buildConfigurations = (
				F80FAE1A2EBBE9E600497936 /* Debug */,
				F80FAE1B2EBBE9E600497936 /* Release */,
			);
			defaultConfigurationIsVisible = 0;
			defaultConfigurationName = Release;
		};
		F80FAE1C2EBBE9E600497936 /* Build configuration list for PBXNativeTarget "BirreDaManicomioTests" */ = {
			isa = XCConfigurationList;
			buildConfigurations = (
				F80FAE1D2EBBE9E600497936 /* Debug */,
				F80FAE1E2EBBE9E600497936 /* Release */,
			);
			defaultConfigurationIsVisible = 0;
			defaultConfigurationName = Release;
		};
		F80FAE1F2EBBE9E600497936 /* Build configuration list for PBXNativeTarget "BirreDaManicomioUITests" */ = {
			isa = XCConfigurationList;
			buildConfigurations = (
				F80FAE202EBBE9E600497936 /* Debug */,
				F80FAE212EBBE9E600497936 /* Release */,
			);
			defaultConfigurationIsVisible = 0;
			defaultConfigurationName = Release;
		};
/* End XCConfigurationList section */

/* Begin XCRemoteSwiftPackageReference section */
		F80FAE632EBBEEBF00497936 /* XCRemoteSwiftPackageReference "SwiftSoup" */ = {
			isa = XCRemoteSwiftPackageReference;
			repositoryURL = "https://github.com/scinfu/SwiftSoup";
			requirement = {
				kind = upToNextMajorVersion;
				minimumVersion = 2.11.1;
			};
		};
/* End XCRemoteSwiftPackageReference section */

/* Begin XCSwiftPackageProductDependency section */
		F80FAE642EBBEF0200497936 /* SwiftSoup */ = {
			isa = XCSwiftPackageProductDependency;
			package = F80FAE632EBBEEBF00497936 /* XCRemoteSwiftPackageReference "SwiftSoup" */;
			productName = SwiftSoup;
		};
/* End XCSwiftPackageProductDependency section */
	};
	rootObject = F80FADEB2EBBE9E200497936 /* Project object */;
}
